
Microsoft Visual Studio Solution File, Format Version 12.00
Project("{FAE04EC0-301F-11D3-BF4B-00C04F79EFBC}") = "USATU_OOP_LW_8", "USATU_OOP_LW_8\USATU_OOP_LW_8.csproj", "{CF3CB616-2AED-4499-B421-718609692954}"
EndProject
Project("{FAE04EC0-301F-11D3-BF4B-00C04F79EFBC}") = "CustomDoublyLinkedListLibrary", "CustomDoublyLinkedListLibrary\CustomDoublyLinkedListLibrary.csproj", "{0BFFCF1F-C47E-4C32-947D-9F0C70D5663B}"
EndProject
Global
	GlobalSection(SolutionConfigurationPlatforms) = preSolution
		Debug|Any CPU = Debug|Any CPU
		Release|Any CPU = Release|Any CPU
	EndGlobalSection
	GlobalSection(ProjectConfigurationPlatforms) = postSolution
		{CF3CB616-2AED-4499-B421-718609692954}.Debug|Any CPU.ActiveCfg = Debug|Any CPU
		{CF3CB616-2AED-4499-B421-718609692954}.Debug|Any CPU.Build.0 = Debug|Any CPU
		{CF3CB616-2AED-4499-B421-718609692954}.Release|Any CPU.ActiveCfg = Release|Any CPU
		{CF3CB616-2AED-4499-B421-718609692954}.Release|Any CPU.Build.0 = Release|Any CPU
		{0BFFCF1F-C47E-4C32-947D-9F0C70D5663B}.Debug|Any CPU.ActiveCfg = Debug|Any CPU
		{0BFFCF1F-C47E-4C32-947D-9F0C70D5663B}.Debug|Any CPU.Build.0 = Debug|Any CPU
		{0BFFCF1F-C47E-4C32-947D-9F0C70D5663B}.Release|Any CPU.ActiveCfg = Release|Any CPU
		{0BFFCF1F-C47E-4C32-947D-9F0C70D5663B}.Release|Any CPU.Build.0 = Release|Any CPU
	EndGlobalSection
EndGlobal
